// !$*UTF8*$!
{
	archiveVersion = 1;
	classes = {
	};
	objectVersion = 46;
	objects = {

/* Begin PBXBuildFile section */
		7B205D671AC3A4AB002FE5BD /* main.m in Sources */ = {isa = PBXBuildFile; fileRef = 7B205D661AC3A4AB002FE5BD /* main.m */; };
		7B205D6A1AC3A4AB002FE5BD /* AppDelegate.m in Sources */ = {isa = PBXBuildFile; fileRef = 7B205D691AC3A4AB002FE5BD /* AppDelegate.m */; };
		7B205D6D1AC3A4AB002FE5BD /* ViewController.m in Sources */ = {isa = PBXBuildFile; fileRef = 7B205D6C1AC3A4AB002FE5BD /* ViewController.m */; };
		7B205D701AC3A4AB002FE5BD /* Main.storyboard in Resources */ = {isa = PBXBuildFile; fileRef = 7B205D6E1AC3A4AB002FE5BD /* Main.storyboard */; };
		7B205D721AC3A4AB002FE5BD /* Images.xcassets in Resources */ = {isa = PBXBuildFile; fileRef = 7B205D711AC3A4AB002FE5BD /* Images.xcassets */; };
		7B205D751AC3A4AB002FE5BD /* LaunchScreen.xib in Resources */ = {isa = PBXBuildFile; fileRef = 7B205D731AC3A4AB002FE5BD /* LaunchScreen.xib */; };
		7B205D811AC3A4AB002FE5BD /* PrallaxTableViewTests.m in Sources */ = {isa = PBXBuildFile; fileRef = 7B205D801AC3A4AB002FE5BD /* PrallaxTableViewTests.m */; };
		7B205D8F1AC3A4EA002FE5BD /* SCParallaxHeaderView.m in Sources */ = {isa = PBXBuildFile; fileRef = 7B205D8C1AC3A4EA002FE5BD /* SCParallaxHeaderView.m */; };
		7B205D901AC3A4EA002FE5BD /* SCParallaxTableView.m in Sources */ = {isa = PBXBuildFile; fileRef = 7B205D8E1AC3A4EA002FE5BD /* SCParallaxTableView.m */; };
		7B205D921AC3A65D002FE5BD /* img@2x.png in Resources */ = {isa = PBXBuildFile; fileRef = 7B205D911AC3A65D002FE5BD /* img@2x.png */; };
/* End PBXBuildFile section */

/* Begin PBXContainerItemProxy section */
		7B205D7B1AC3A4AB002FE5BD /* PBXContainerItemProxy */ = {
			isa = PBXContainerItemProxy;
			containerPortal = 7B205D591AC3A4AB002FE5BD /* Project object */;
			proxyType = 1;
			remoteGlobalIDString = 7B205D601AC3A4AB002FE5BD;
			remoteInfo = PrallaxTableView;
		};
/* End PBXContainerItemProxy section */

/* Begin PBXFileReference section */
		7B205D611AC3A4AB002FE5BD /* PrallaxTableView.app */ = {isa = PBXFileReference; explicitFileType = wrapper.application; includeInIndex = 0; path = PrallaxTableView.app; sourceTree = BUILT_PRODUCTS_DIR; };
		7B205D651AC3A4AB002FE5BD /* Info.plist */ = {isa = PBXFileReference; lastKnownFileType = text.plist.xml; path = Info.plist; sourceTree = "<group>"; };
		7B205D661AC3A4AB002FE5BD /* main.m */ = {isa = PBXFileReference; lastKnownFileType = sourcecode.c.objc; path = main.m; sourceTree = "<group>"; };
		7B205D681AC3A4AB002FE5BD /* AppDelegate.h */ = {isa = PBXFileReference; lastKnownFileType = sourcecode.c.h; path = AppDelegate.h; sourceTree = "<group>"; };
		7B205D691AC3A4AB002FE5BD /* AppDelegate.m */ = {isa = PBXFileReference; lastKnownFileType = sourcecode.c.objc; path = AppDelegate.m; sourceTree = "<group>"; };
		7B205D6B1AC3A4AB002FE5BD /* ViewController.h */ = {isa = PBXFileReference; lastKnownFileType = sourcecode.c.h; path = ViewController.h; sourceTree = "<group>"; };
		7B205D6C1AC3A4AB002FE5BD /* ViewController.m */ = {isa = PBXFileReference; lastKnownFileType = sourcecode.c.objc; path = ViewController.m; sourceTree = "<group>"; };
		7B205D6F1AC3A4AB002FE5BD /* Base */ = {isa = PBXFileReference; lastKnownFileType = file.storyboard; name = Base; path = Base.lproj/Main.storyboard; sourceTree = "<group>"; };
		7B205D711AC3A4AB002FE5BD /* Images.xcassets */ = {isa = PBXFileReference; lastKnownFileType = folder.assetcatalog; path = Images.xcassets; sourceTree = "<group>"; };
		7B205D741AC3A4AB002FE5BD /* Base */ = {isa = PBXFileReference; lastKnownFileType = file.xib; name = Base; path = Base.lproj/LaunchScreen.xib; sourceTree = "<group>"; };
		7B205D7A1AC3A4AB002FE5BD /* PrallaxTableViewTests.xctest */ = {isa = PBXFileReference; explicitFileType = wrapper.cfbundle; includeInIndex = 0; path = PrallaxTableViewTests.xctest; sourceTree = BUILT_PRODUCTS_DIR; };
		7B205D7F1AC3A4AB002FE5BD /* Info.plist */ = {isa = PBXFileReference; lastKnownFileType = text.plist.xml; path = Info.plist; sourceTree = "<group>"; };
		7B205D801AC3A4AB002FE5BD /* PrallaxTableViewTests.m */ = {isa = PBXFileReference; lastKnownFileType = sourcecode.c.objc; path = PrallaxTableViewTests.m; sourceTree = "<group>"; };
		7B205D8B1AC3A4EA002FE5BD /* SCParallaxHeaderView.h */ = {isa = PBXFileReference; fileEncoding = 4; lastKnownFileType = sourcecode.c.h; path = SCParallaxHeaderView.h; sourceTree = "<group>"; };
		7B205D8C1AC3A4EA002FE5BD /* SCParallaxHeaderView.m */ = {isa = PBXFileReference; fileEncoding = 4; lastKnownFileType = sourcecode.c.objc; path = SCParallaxHeaderView.m; sourceTree = "<group>"; };
		7B205D8D1AC3A4EA002FE5BD /* SCParallaxTableView.h */ = {isa = PBXFileReference; fileEncoding = 4; lastKnownFileType = sourcecode.c.h; path = SCParallaxTableView.h; sourceTree = "<group>"; };
		7B205D8E1AC3A4EA002FE5BD /* SCParallaxTableView.m */ = {isa = PBXFileReference; fileEncoding = 4; lastKnownFileType = sourcecode.c.objc; path = SCParallaxTableView.m; sourceTree = "<group>"; };
		7B205D911AC3A65D002FE5BD /* img@2x.png */ = {isa = PBXFileReference; lastKnownFileType = image.png; path = "img@2x.png"; sourceTree = "<group>"; };
/* End PBXFileReference section */

/* Begin PBXFrameworksBuildPhase section */
		7B205D5E1AC3A4AB002FE5BD /* Frameworks */ = {
			isa = PBXFrameworksBuildPhase;
			buildActionMask = 2147483647;
			files = (
			);
			runOnlyForDeploymentPostprocessing = 0;
		};
		7B205D771AC3A4AB002FE5BD /* Frameworks */ = {
			isa = PBXFrameworksBuildPhase;
			buildActionMask = 2147483647;
			files = (
			);
			runOnlyForDeploymentPostprocessing = 0;
		};
/* End PBXFrameworksBuildPhase section */

/* Begin PBXGroup section */
		7B205D581AC3A4AB002FE5BD = {
			isa = PBXGroup;
			children = (
				7B205D631AC3A4AB002FE5BD /* PrallaxTableView */,
				7B205D7D1AC3A4AB002FE5BD /* PrallaxTableViewTests */,
				7B205D621AC3A4AB002FE5BD /* Products */,
			);
			sourceTree = "<group>";
		};
		7B205D621AC3A4AB002FE5BD /* Products */ = {
			isa = PBXGroup;
			children = (
				7B205D611AC3A4AB002FE5BD /* PrallaxTableView.app */,
				7B205D7A1AC3A4AB002FE5BD /* PrallaxTableViewTests.xctest */,
			);
			name = Products;
			sourceTree = "<group>";
		};
		7B205D631AC3A4AB002FE5BD /* PrallaxTableView */ = {
			isa = PBXGroup;
			children = (
				7B205D8A1AC3A4EA002FE5BD /* prallaxTable */,
				7B205D681AC3A4AB002FE5BD /* AppDelegate.h */,
				7B205D691AC3A4AB002FE5BD /* AppDelegate.m */,
				7B205D6B1AC3A4AB002FE5BD /* ViewController.h */,
				7B205D6C1AC3A4AB002FE5BD /* ViewController.m */,
				7B205D6E1AC3A4AB002FE5BD /* Main.storyboard */,
				7B205D711AC3A4AB002FE5BD /* Images.xcassets */,
				7B205D731AC3A4AB002FE5BD /* LaunchScreen.xib */,
				7B205D641AC3A4AB002FE5BD /* Supporting Files */,
			);
			path = PrallaxTableView;
			sourceTree = "<group>";
		};
		7B205D641AC3A4AB002FE5BD /* Supporting Files */ = {
			isa = PBXGroup;
			children = (
				7B205D651AC3A4AB002FE5BD /* Info.plist */,
				7B205D661AC3A4AB002FE5BD /* main.m */,
			);
			name = "Supporting Files";
			sourceTree = "<group>";
		};
		7B205D7D1AC3A4AB002FE5BD /* PrallaxTableViewTests */ = {
			isa = PBXGroup;
			children = (
				7B205D801AC3A4AB002FE5BD /* PrallaxTableViewTests.m */,
				7B205D7E1AC3A4AB002FE5BD /* Supporting Files */,
			);
			path = PrallaxTableViewTests;
			sourceTree = "<group>";
		};
		7B205D7E1AC3A4AB002FE5BD /* Supporting Files */ = {
			isa = PBXGroup;
			children = (
				7B205D7F1AC3A4AB002FE5BD /* Info.plist */,
			);
			name = "Supporting Files";
			sourceTree = "<group>";
		};
		7B205D8A1AC3A4EA002FE5BD /* prallaxTable */ = {
			isa = PBXGroup;
			children = (
				7B205D911AC3A65D002FE5BD /* img@2x.png */,
				7B205D8B1AC3A4EA002FE5BD /* SCParallaxHeaderView.h */,
				7B205D8C1AC3A4EA002FE5BD /* SCParallaxHeaderView.m */,
				7B205D8D1AC3A4EA002FE5BD /* SCParallaxTableView.h */,
				7B205D8E1AC3A4EA002FE5BD /* SCParallaxTableView.m */,
			);
			path = prallaxTable;
			sourceTree = "<group>";
		};
/* End PBXGroup section */

/* Begin PBXNativeTarget section */
		7B205D601AC3A4AB002FE5BD /* PrallaxTableView */ = {
			isa = PBXNativeTarget;
			buildConfigurationList = 7B205D841AC3A4AB002FE5BD /* Build configuration list for PBXNativeTarget "PrallaxTableView" */;
			buildPhases = (
				7B205D5D1AC3A4AB002FE5BD /* Sources */,
				7B205D5E1AC3A4AB002FE5BD /* Frameworks */,
				7B205D5F1AC3A4AB002FE5BD /* Resources */,
			);
			buildRules = (
			);
			dependencies = (
			);
			name = PrallaxTableView;
			productName = PrallaxTableView;
			productReference = 7B205D611AC3A4AB002FE5BD /* PrallaxTableView.app */;
			productType = "com.apple.product-type.application";
		};
		7B205D791AC3A4AB002FE5BD /* PrallaxTableViewTests */ = {
			isa = PBXNativeTarget;
			buildConfigurationList = 7B205D871AC3A4AB002FE5BD /* Build configuration list for PBXNativeTarget "PrallaxTableViewTests" */;
			buildPhases = (
				7B205D761AC3A4AB002FE5BD /* Sources */,
				7B205D771AC3A4AB002FE5BD /* Frameworks */,
				7B205D781AC3A4AB002FE5BD /* Resources */,
			);
			buildRules = (
			);
			dependencies = (
				7B205D7C1AC3A4AB002FE5BD /* PBXTargetDependency */,
			);
			name = PrallaxTableViewTests;
			productName = PrallaxTableViewTests;
			productReference = 7B205D7A1AC3A4AB002FE5BD /* PrallaxTableViewTests.xctest */;
			productType = "com.apple.product-type.bundle.unit-test";
		};
/* End PBXNativeTarget section */

/* Begin PBXProject section */
		7B205D591AC3A4AB002FE5BD /* Project object */ = {
			isa = PBXProject;
			attributes = {
				LastUpgradeCheck = 0620;
				ORGANIZATIONNAME = justzt;
				TargetAttributes = {
					7B205D601AC3A4AB002FE5BD = {
						CreatedOnToolsVersion = 6.2;
					};
					7B205D791AC3A4AB002FE5BD = {
						CreatedOnToolsVersion = 6.2;
						TestTargetID = 7B205D601AC3A4AB002FE5BD;
					};
				};
			};
			buildConfigurationList = 7B205D5C1AC3A4AB002FE5BD /* Build configuration list for PBXProject "PrallaxTableView" */;
			compatibilityVersion = "Xcode 3.2";
			developmentRegion = English;
			hasScannedForEncodings = 0;
			knownRegions = (
				en,
				Base,
			);
			mainGroup = 7B205D581AC3A4AB002FE5BD;
			productRefGroup = 7B205D621AC3A4AB002FE5BD /* Products */;
			projectDirPath = "";
			projectRoot = "";
			targets = (
				7B205D601AC3A4AB002FE5BD /* PrallaxTableView */,
				7B205D791AC3A4AB002FE5BD /* PrallaxTableViewTests */,
			);
		};
/* End PBXProject section */

/* Begin PBXResourcesBuildPhase section */
		7B205D5F1AC3A4AB002FE5BD /* Resources */ = {
			isa = PBXResourcesBuildPhase;
			buildActionMask = 2147483647;
			files = (
				7B205D921AC3A65D002FE5BD /* img@2x.png in Resources */,
				7B205D701AC3A4AB002FE5BD /* Main.storyboard in Resources */,
				7B205D751AC3A4AB002FE5BD /* LaunchScreen.xib in Resources */,
				7B205D721AC3A4AB002FE5BD /* Images.xcassets in Resources */,
			);
			runOnlyForDeploymentPostprocessing = 0;
		};
		7B205D781AC3A4AB002FE5BD /* Resources */ = {
			isa = PBXResourcesBuildPhase;
			buildActionMask = 2147483647;
			files = (
			);
			runOnlyForDeploymentPostprocessing = 0;
		};
/* End PBXResourcesBuildPhase section */

/* Begin PBXSourcesBuildPhase section */
		7B205D5D1AC3A4AB002FE5BD /* Sources */ = {
			isa = PBXSourcesBuildPhase;
			buildActionMask = 2147483647;
			files = (
				7B205D8F1AC3A4EA002FE5BD /* SCParallaxHeaderView.m in Sources */,
				7B205D6D1AC3A4AB002FE5BD /* ViewController.m in Sources */,
				7B205D6A1AC3A4AB002FE5BD /* AppDelegate.m in Sources */,
				7B205D901AC3A4EA002FE5BD /* SCParallaxTableView.m in Sources */,
				7B205D671AC3A4AB002FE5BD /* main.m in Sources */,
			);
			runOnlyForDeploymentPostprocessing = 0;
		};
		7B205D761AC3A4AB002FE5BD /* Sources */ = {
			isa = PBXSourcesBuildPhase;
			buildActionMask = 2147483647;
			files = (
				7B205D811AC3A4AB002FE5BD /* PrallaxTableViewTests.m in Sources */,
			);
			runOnlyForDeploymentPostprocessing = 0;
		};
/* End PBXSourcesBuildPhase section */

/* Begin PBXTargetDependency section */
		7B205D7C1AC3A4AB002FE5BD /* PBXTargetDependency */ = {
			isa = PBXTargetDependency;
			target = 7B205D601AC3A4AB002FE5BD /* PrallaxTableView */;
			targetProxy = 7B205D7B1AC3A4AB002FE5BD /* PBXContainerItemProxy */;
		};
/* End PBXTargetDependency section */

/* Begin PBXVariantGroup section */
		7B205D6E1AC3A4AB002FE5BD /* Main.storyboard */ = {
			isa = PBXVariantGroup;
			children = (
				7B205D6F1AC3A4AB002FE5BD /* Base */,
			);
			name = Main.storyboard;
			sourceTree = "<group>";
		};
		7B205D731AC3A4AB002FE5BD /* LaunchScreen.xib */ = {
			isa = PBXVariantGroup;
			children = (
				7B205D741AC3A4AB002FE5BD /* Base */,
			);
			name = LaunchScreen.xib;
			sourceTree = "<group>";
		};
/* End PBXVariantGroup section */

/* Begin XCBuildConfiguration section */
		7B205D821AC3A4AB002FE5BD /* Debug */ = {
			isa = XCBuildConfiguration;
			buildSettings = {
				ALWAYS_SEARCH_USER_PATHS = NO;
				CLANG_CXX_LANGUAGE_STANDARD = "gnu++0x";
				CLANG_CXX_LIBRARY = "libc++";
				CLANG_ENABLE_MODULES = YES;
				CLANG_ENABLE_OBJC_ARC = YES;
				CLANG_WARN_BOOL_CONVERSION = YES;
				CLANG_WARN_CONSTANT_CONVERSION = YES;
				CLANG_WARN_DIRECT_OBJC_ISA_USAGE = YES_ERROR;
				CLANG_WARN_EMPTY_BODY = YES;
				CLANG_WARN_ENUM_CONVERSION = YES;
				CLANG_WARN_INT_CONVERSION = YES;
				CLANG_WARN_OBJC_ROOT_CLASS = YES_ERROR;
				CLANG_WARN_UNREACHABLE_CODE = YES;
				CLANG_WARN__DUPLICATE_METHOD_MATCH = YES;
				"CODE_SIGN_IDENTITY[sdk=iphoneos*]" = "iPhone Developer";
				COPY_PHASE_STRIP = NO;
				ENABLE_STRICT_OBJC_MSGSEND = YES;
				GCC_C_LANGUAGE_STANDARD = gnu99;
				GCC_DYNAMIC_NO_PIC = NO;
				GCC_OPTIMIZATION_LEVEL = 0;
				GCC_PREPROCESSOR_DEFINITIONS = (
					"DEBUG=1",
					"$(inherited)",
				);
				GCC_SYMBOLS_PRIVATE_EXTERN = NO;
				GCC_WARN_64_TO_32_BIT_CONVERSION = YES;
				GCC_WARN_ABOUT_RETURN_TYPE = YES_ERROR;
				GCC_WARN_UNDECLARED_SELECTOR = YES;
				GCC_WARN_UNINITIALIZED_AUTOS = YES_AGGRESSIVE;
				GCC_WARN_UNUSED_FUNCTION = YES;
				GCC_WARN_UNUSED_VARIABLE = YES;
				IPHONEOS_DEPLOYMENT_TARGET = 8.2;
				MTL_ENABLE_DEBUG_INFO = YES;
				ONLY_ACTIVE_ARCH = YES;
				SDKROOT = iphoneos;
			};
			name = Debug;
		};
		7B205D831AC3A4AB002FE5BD /* Release */ = {
			isa = XCBuildConfiguration;
			buildSettings = {
				ALWAYS_SEARCH_USER_PATHS = NO;
				CLANG_CXX_LANGUAGE_STANDARD = "gnu++0x";
				CLANG_CXX_LIBRARY = "libc++";
				CLANG_ENABLE_MODULES = YES;
				CLANG_ENABLE_OBJC_ARC = YES;
				CLANG_WARN_BOOL_CONVERSION = YES;
				CLANG_WARN_CONSTANT_CONVERSION = YES;
				CLANG_WARN_DIRECT_OBJC_ISA_USAGE = YES_ERROR;
				CLANG_WARN_EMPTY_BODY = YES;
				CLANG_WARN_ENUM_CONVERSION = YES;
				CLANG_WARN_INT_CONVERSION = YES;
				CLANG_WARN_OBJC_ROOT_CLASS = YES_ERROR;
				CLANG_WARN_UNREACHABLE_CODE = YES;
				CLANG_WARN__DUPLICATE_METHOD_MATCH = YES;
				"CODE_SIGN_IDENTITY[sdk=iphoneos*]" = "iPhone Developer";
				COPY_PHASE_STRIP = NO;
				ENABLE_NS_ASSERTIONS = NO;
				ENABLE_STRICT_OBJC_MSGSEND = YES;
				GCC_C_LANGUAGE_STANDARD = gnu99;
				GCC_WARN_64_TO_32_BIT_CONVERSION = YES;
				GCC_WARN_ABOUT_RETURN_TYPE = YES_ERROR;
				GCC_WARN_UNDECLARED_SELECTOR = YES;
				GCC_WARN_UNINITIALIZED_AUTOS = YES_AGGRESSIVE;
				GCC_WARN_UNUSED_FUNCTION = YES;
				GCC_WARN_UNUSED_VARIABLE = YES;
				IPHONEOS_DEPLOYMENT_TARGET = 8.2;
				MTL_ENABLE_DEBUG_INFO = NO;
				SDKROOT = iphoneos;
				VALIDATE_PRODUCT = YES;
			};
			name = Release;
		};
		7B205D851AC3A4AB002FE5BD /* Debug */ = {
			isa = XCBuildConfiguration;
			buildSettings = {
				ASSETCATALOG_COMPILER_APPICON_NAME = AppIcon;
				INFOPLIST_FILE = PrallaxTableView/Info.plist;
				IPHONEOS_DEPLOYMENT_TARGET = 6.0;
				LD_RUNPATH_SEARCH_PATHS = "$(inherited) @executable_path/Frameworks";
				PRODUCT_NAME = "$(TARGET_NAME)";
			};
			name = Debug;
		};
		7B205D861AC3A4AB002FE5BD /* Release */ = {
			isa = XCBuildConfiguration;
			buildSettings = {
				ASSETCATALOG_COMPILER_APPICON_NAME = AppIcon;
				INFOPLIST_FILE = PrallaxTableView/Info.plist;
				IPHONEOS_DEPLOYMENT_TARGET = 6.0;
				LD_RUNPATH_SEARCH_PATHS = "$(inherited) @executable_path/Frameworks";
				PRODUCT_NAME = "$(TARGET_NAME)";
			};
			name = Release;
		};
		7B205D881AC3A4AB002FE5BD /* Debug */ = {
			isa = XCBuildConfiguration;
			buildSettings = {
				BUNDLE_LOADER = "$(TEST_HOST)";
				FRAMEWORK_SEARCH_PATHS = (
					"$(SDKROOT)/Developer/Library/Frameworks",
					"$(inherited)",
				);
				GCC_PREPROCESSOR_DEFINITIONS = (
					"DEBUG=1",
					"$(inherited)",
				);
				INFOPLIST_FILE = PrallaxTableViewTests/Info.plist;
				LD_RUNPATH_SEARCH_PATHS = "$(inherited) @executable_path/Frameworks @loader_path/Frameworks";
				PRODUCT_NAME = "$(TARGET_NAME)";
				TEST_HOST = "$(BUILT_PRODUCTS_DIR)/PrallaxTableView.app/PrallaxTableView";
			};
			name = Debug;
		};
		7B205D891AC3A4AB002FE5BD /* Release */ = {
			isa = XCBuildConfiguration;
			buildSettings = {
				BUNDLE_LOADER = "$(TEST_HOST)";
				FRAMEWORK_SEARCH_PATHS = (
					"$(SDKROOT)/Developer/Library/Frameworks",
					"$(inherited)",
				);
				INFOPLIST_FILE = PrallaxTableViewTests/Info.plist;
				LD_RUNPATH_SEARCH_PATHS = "$(inherited) @executable_path/Frameworks @loader_path/Frameworks";
				PRODUCT_NAME = "$(TARGET_NAME)";
				TEST_HOST = "$(BUILT_PRODUCTS_DIR)/PrallaxTableView.app/PrallaxTableView";
			};
			name = Release;
		};
/* End XCBuildConfiguration section */

/* Begin XCConfigurationList section */
		7B205D5C1AC3A4AB002FE5BD /* Build configuration list for PBXProject "PrallaxTableView" */ = {
			isa = XCConfigurationList;
			buildConfigurations = (
				7B205D821AC3A4AB002FE5BD /* Debug */,
				7B205D831AC3A4AB002FE5BD /* Release */,
			);
			defaultConfigurationIsVisible = 0;
			defaultConfigurationName = Release;
		};
		7B205D841AC3A4AB002FE5BD /* Build configuration list for PBXNativeTarget "PrallaxTableView" */ = {
			isa = XCConfigurationList;
			buildConfigurations = (
				7B205D851AC3A4AB002FE5BD /* Debug */,
				7B205D861AC3A4AB002FE5BD /* Release */,
			);
			defaultConfigurationIsVisible = 0;
		};
		7B205D871AC3A4AB002FE5BD /* Build configuration list for PBXNativeTarget "PrallaxTableViewTests" */ = {
			isa = XCConfigurationList;
			buildConfigurations = (
				7B205D881AC3A4AB002FE5BD /* Debug */,
				7B205D891AC3A4AB002FE5BD /* Release */,
			);
			defaultConfigurationIsVisible = 0;
		};
/* End XCConfigurationList section */
	};
	rootObject = 7B205D591AC3A4AB002FE5BD /* Project object */;
}
